// !$*UTF8*$!
{
	archiveVersion = 1;
	classes = {
	};
	objectVersion = 50;
	objects = {

/* Begin PBXBuildFile section */
		C853BA57212D389C00B15CEA /* AppDelegate.swift in Sources */ = {isa = PBXBuildFile; fileRef = C853BA56212D389C00B15CEA /* AppDelegate.swift */; };
		C853BA59212D389C00B15CEA /* ViewController.swift in Sources */ = {isa = PBXBuildFile; fileRef = C853BA58212D389C00B15CEA /* ViewController.swift */; };
		C853BA5C212D389C00B15CEA /* Main.storyboard in Resources */ = {isa = PBXBuildFile; fileRef = C853BA5A212D389C00B15CEA /* Main.storyboard */; };
		C853BA5E212D389D00B15CEA /* Assets.xcassets in Resources */ = {isa = PBXBuildFile; fileRef = C853BA5D212D389D00B15CEA /* Assets.xcassets */; };
		C853BA61212D389D00B15CEA /* LaunchScreen.storyboard in Resources */ = {isa = PBXBuildFile; fileRef = C853BA5F212D389D00B15CEA /* LaunchScreen.storyboard */; };
		C853BA69212D398700B15CEA /* WaterMarkerUtil.swift in Sources */ = {isa = PBXBuildFile; fileRef = C853BA68212D398700B15CEA /* WaterMarkerUtil.swift */; };
		C853BA6C212D3CD500B15CEA /* car.png in Resources */ = {isa = PBXBuildFile; fileRef = C853BA6B212D3CD500B15CEA /* car.png */; };
/* End PBXBuildFile section */

/* Begin PBXFileReference section */
		C853BA53212D389C00B15CEA /* ExWaterMarker.app */ = {isa = PBXFileReference; explicitFileType = wrapper.application; includeInIndex = 0; path = ExWaterMarker.app; sourceTree = BUILT_PRODUCTS_DIR; };
		C853BA56212D389C00B15CEA /* AppDelegate.swift */ = {isa = PBXFileReference; lastKnownFileType = sourcecode.swift; path = AppDelegate.swift; sourceTree = "<group>"; };
		C853BA58212D389C00B15CEA /* ViewController.swift */ = {isa = PBXFileReference; lastKnownFileType = sourcecode.swift; path = ViewController.swift; sourceTree = "<group>"; };
		C853BA5B212D389C00B15CEA /* Base */ = {isa = PBXFileReference; lastKnownFileType = file.storyboard; name = Base; path = Base.lproj/Main.storyboard; sourceTree = "<group>"; };
		C853BA5D212D389D00B15CEA /* Assets.xcassets */ = {isa = PBXFileReference; lastKnownFileType = folder.assetcatalog; path = Assets.xcassets; sourceTree = "<group>"; };
		C853BA60212D389D00B15CEA /* Base */ = {isa = PBXFileReference; lastKnownFileType = file.storyboard; name = Base; path = Base.lproj/LaunchScreen.storyboard; sourceTree = "<group>"; };
		C853BA62212D389D00B15CEA /* Info.plist */ = {isa = PBXFileReference; lastKnownFileType = text.plist.xml; path = Info.plist; sourceTree = "<group>"; };
		C853BA68212D398700B15CEA /* WaterMarkerUtil.swift */ = {isa = PBXFileReference; fileEncoding = 4; lastKnownFileType = sourcecode.swift; path = WaterMarkerUtil.swift; sourceTree = "<group>"; };
		C853BA6B212D3CD500B15CEA /* car.png */ = {isa = PBXFileReference; lastKnownFileType = image.png; path = car.png; sourceTree = "<group>"; };
/* End PBXFileReference section */

/* Begin PBXFrameworksBuildPhase section */
		C853BA50212D389C00B15CEA /* Frameworks */ = {
			isa = PBXFrameworksBuildPhase;
			buildActionMask = 2147483647;
			files = (
			);
			runOnlyForDeploymentPostprocessing = 0;
		};
/* End PBXFrameworksBuildPhase section */

/* Begin PBXGroup section */
		C853BA4A212D389C00B15CEA = {
			isa = PBXGroup;
			children = (
				C853BA55212D389C00B15CEA /* ExWaterMarker */,
				C853BA54212D389C00B15CEA /* Products */,
			);
			sourceTree = "<group>";
		};
		C853BA54212D389C00B15CEA /* Products */ = {
			isa = PBXGroup;
			children = (
				C853BA53212D389C00B15CEA /* ExWaterMarker.app */,
			);
			name = Products;
			sourceTree = "<group>";
		};
		C853BA55212D389C00B15CEA /* ExWaterMarker */ = {
			isa = PBXGroup;
			children = (
				C853BA6A212D3A0200B15CEA /* demoImages */,
				C853BA68212D398700B15CEA /* WaterMarkerUtil.swift */,
				C853BA56212D389C00B15CEA /* AppDelegate.swift */,
				C853BA58212D389C00B15CEA /* ViewController.swift */,
				C853BA5A212D389C00B15CEA /* Main.storyboard */,
				C853BA5D212D389D00B15CEA /* Assets.xcassets */,
				C853BA5F212D389D00B15CEA /* LaunchScreen.storyboard */,
				C853BA62212D389D00B15CEA /* Info.plist */,
			);
			path = ExWaterMarker;
			sourceTree = "<group>";
		};
		C853BA6A212D3A0200B15CEA /* demoImages */ = {
			isa = PBXGroup;
			children = (
				C853BA6B212D3CD500B15CEA /* car.png */,
			);
			path = demoImages;
			sourceTree = "<group>";
		};
/* End PBXGroup section */

/* Begin PBXNativeTarget section */
		C853BA52212D389C00B15CEA /* ExWaterMarker */ = {
			isa = PBXNativeTarget;
			buildConfigurationList = C853BA65212D389D00B15CEA /* Build configuration list for PBXNativeTarget "ExWaterMarker" */;
			buildPhases = (
				C853BA4F212D389C00B15CEA /* Sources */,
				C853BA50212D389C00B15CEA /* Frameworks */,
				C853BA51212D389C00B15CEA /* Resources */,
			);
			buildRules = (
			);
			dependencies = (
			);
			name = ExWaterMarker;
			productName = ExWaterMarker;
			productReference = C853BA53212D389C00B15CEA /* ExWaterMarker.app */;
			productType = "com.apple.product-type.application";
		};
/* End PBXNativeTarget section */

/* Begin PBXProject section */
		C853BA4B212D389C00B15CEA /* Project object */ = {
			isa = PBXProject;
			attributes = {
				LastSwiftUpdateCheck = 0940;
				LastUpgradeCheck = 0940;
				ORGANIZATIONNAME = muhlenXi;
				TargetAttributes = {
					C853BA52212D389C00B15CEA = {
						CreatedOnToolsVersion = 9.4.1;
					};
				};
			};
			buildConfigurationList = C853BA4E212D389C00B15CEA /* Build configuration list for PBXProject "ExWaterMarker" */;
			compatibilityVersion = "Xcode 9.3";
			developmentRegion = en;
			hasScannedForEncodings = 0;
			knownRegions = (
				en,
				Base,
			);
			mainGroup = C853BA4A212D389C00B15CEA;
			productRefGroup = C853BA54212D389C00B15CEA /* Products */;
			projectDirPath = "";
			projectRoot = "";
			targets = (
				C853BA52212D389C00B15CEA /* ExWaterMarker */,
			);
		};
/* End PBXProject section */

/* Begin PBXResourcesBuildPhase section */
		C853BA51212D389C00B15CEA /* Resources */ = {
			isa = PBXResourcesBuildPhase;
			buildActionMask = 2147483647;
			files = (
				C853BA6C212D3CD500B15CEA /* car.png in Resources */,
				C853BA61212D389D00B15CEA /* LaunchScreen.storyboard in Resources */,
				C853BA5E212D389D00B15CEA /* Assets.xcassets in Resources */,
				C853BA5C212D389C00B15CEA /* Main.storyboard in Resources */,
			);
			runOnlyForDeploymentPostprocessing = 0;
		};
/* End PBXResourcesBuildPhase section */

/* Begin PBXSourcesBuildPhase section */
		C853BA4F212D389C00B15CEA /* Sources */ = {
			isa = PBXSourcesBuildPhase;
			buildActionMask = 2147483647;
			files = (
				C853BA69212D398700B15CEA /* WaterMarkerUtil.swift in Sources */,
				C853BA59212D389C00B15CEA /* ViewController.swift in Sources */,
				C853BA57212D389C00B15CEA /* AppDelegate.swift in Sources */,
			);
			runOnlyForDeploymentPostprocessing = 0;
		};
/* End PBXSourcesBuildPhase section */

/* Begin PBXVariantGroup section */
		C853BA5A212D389C00B15CEA /* Main.storyboard */ = {
			isa = PBXVariantGroup;
			children = (
				C853BA5B212D389C00B15CEA /* Base */,
			);
			name = Main.storyboard;
			sourceTree = "<group>";
		};
		C853BA5F212D389D00B15CEA /* LaunchScreen.storyboard */ = {
			isa = PBXVariantGroup;
			children = (
				C853BA60212D389D00B15CEA /* Base */,
			);
			name = LaunchScreen.storyboard;
			sourceTree = "<group>";
		};
/* End PBXVariantGroup section */

/* Begin XCBuildConfiguration section */
		C853BA63212D389D00B15CEA /* Debug */ = {
			isa = XCBuildConfiguration;
			buildSettings = {
				ALWAYS_SEARCH_USER_PATHS = NO;
				CLANG_ANALYZER_NONNULL = YES;
				CLANG_ANALYZER_NUMBER_OBJECT_CONVERSION = YES_AGGRESSIVE;
				CLANG_CXX_LANGUAGE_STANDARD = "gnu++14";
				CLANG_CXX_LIBRARY = "libc++";
				CLANG_ENABLE_MODULES = YES;
				CLANG_ENABLE_OBJC_ARC = YES;
				CLANG_ENABLE_OBJC_WEAK = YES;
				CLANG_WARN_BLOCK_CAPTURE_AUTORELEASING = YES;
				CLANG_WARN_BOOL_CONVERSION = YES;
				CLANG_WARN_COMMA = YES;
				CLANG_WARN_CONSTANT_CONVERSION = YES;
				CLANG_WARN_DEPRECATED_OBJC_IMPLEMENTATIONS = YES;
				CLANG_WARN_DIRECT_OBJC_ISA_USAGE = YES_ERROR;
				CLANG_WARN_DOCUMENTATION_COMMENTS = YES;
				CLANG_WARN_EMPTY_BODY = YES;
				CLANG_WARN_ENUM_CONVERSION = YES;
				CLANG_WARN_INFINITE_RECURSION = YES;
				CLANG_WARN_INT_CONVERSION = YES;
				CLANG_WARN_NON_LITERAL_NULL_CONVERSION = YES;
				CLANG_WARN_OBJC_IMPLICIT_RETAIN_SELF = YES;
				CLANG_WARN_OBJC_LITERAL_CONVERSION = YES;
				CLANG_WARN_OBJC_ROOT_CLASS = YES_ERROR;
				CLANG_WARN_RANGE_LOOP_ANALYSIS = YES;
				CLANG_WARN_STRICT_PROTOTYPES = YES;
				CLANG_WARN_SUSPICIOUS_MOVE = YES;
				CLANG_WARN_UNGUARDED_AVAILABILITY = YES_AGGRESSIVE;
				CLANG_WARN_UNREACHABLE_CODE = YES;
				CLANG_WARN__DUPLICATE_METHOD_MATCH = YES;
				CODE_SIGN_IDENTITY = "iPhone Developer";
				COPY_PHASE_STRIP = NO;
				DEBUG_INFORMATION_FORMAT = dwarf;
				ENABLE_STRICT_OBJC_MSGSEND = YES;
				ENABLE_TESTABILITY = YES;
				GCC_C_LANGUAGE_STANDARD = gnu11;
				GCC_DYNAMIC_NO_PIC = NO;
				GCC_NO_COMMON_BLOCKS = YES;
				GCC_OPTIMIZATION_LEVEL = 0;
				GCC_PREPROCESSOR_DEFINITIONS = (
					"DEBUG=1",
					"$(inherited)",
				);
				GCC_WARN_64_TO_32_BIT_CONVERSION = YES;
				GCC_WARN_ABOUT_RETURN_TYPE = YES_ERROR;
				GCC_WARN_UNDECLARED_SELECTOR = YES;
				GCC_WARN_UNINITIALIZED_AUTOS = YES_AGGRESSIVE;
				GCC_WARN_UNUSED_FUNCTION = YES;
				GCC_WARN_UNUSED_VARIABLE = YES;
				IPHONEOS_DEPLOYMENT_TARGET = 11.4;
				MTL_ENABLE_DEBUG_INFO = YES;
				ONLY_ACTIVE_ARCH = YES;
				SDKROOT = iphoneos;
				SWIFT_ACTIVE_COMPILATION_CONDITIONS = DEBUG;
				SWIFT_OPTIMIZATION_LEVEL = "-Onone";
			};
			name = Debug;
		};
		C853BA64212D389D00B15CEA /* Release */ = {
			isa = XCBuildConfiguration;
			buildSettings = {
				ALWAYS_SEARCH_USER_PATHS = NO;
				CLANG_ANALYZER_NONNULL = YES;
				CLANG_ANALYZER_NUMBER_OBJECT_CONVERSION = YES_AGGRESSIVE;
				CLANG_CXX_LANGUAGE_STANDARD = "gnu++14";
				CLANG_CXX_LIBRARY = "libc++";
				CLANG_ENABLE_MODULES = YES;
				CLANG_ENABLE_OBJC_ARC = YES;
				CLANG_ENABLE_OBJC_WEAK = YES;
				CLANG_WARN_BLOCK_CAPTURE_AUTORELEASING = YES;
				CLANG_WARN_BOOL_CONVERSION = YES;
				CLANG_WARN_COMMA = YES;
				CLANG_WARN_CONSTANT_CONVERSION = YES;
				CLANG_WARN_DEPRECATED_OBJC_IMPLEMENTATIONS = YES;
				CLANG_WARN_DIRECT_OBJC_ISA_USAGE = YES_ERROR;
				CLANG_WARN_DOCUMENTATION_COMMENTS = YES;
				CLANG_WARN_EMPTY_BODY = YES;
				CLANG_WARN_ENUM_CONVERSION = YES;
				CLANG_WARN_INFINITE_RECURSION = YES;
				CLANG_WARN_INT_CONVERSION = YES;
				CLANG_WARN_NON_LITERAL_NULL_CONVERSION = YES;
				CLANG_WARN_OBJC_IMPLICIT_RETAIN_SELF = YES;
				CLANG_WARN_OBJC_LITERAL_CONVERSION = YES;
				CLANG_WARN_OBJC_ROOT_CLASS = YES_ERROR;
				CLANG_WARN_RANGE_LOOP_ANALYSIS = YES;
				CLANG_WARN_STRICT_PROTOTYPES = YES;
				CLANG_WARN_SUSPICIOUS_MOVE = YES;
				CLANG_WARN_UNGUARDED_AVAILABILITY = YES_AGGRESSIVE;
				CLANG_WARN_UNREACHABLE_CODE = YES;
				CLANG_WARN__DUPLICATE_METHOD_MATCH = YES;
				CODE_SIGN_IDENTITY = "iPhone Developer";
				COPY_PHASE_STRIP = NO;
				DEBUG_INFORMATION_FORMAT = "dwarf-with-dsym";
				ENABLE_NS_ASSERTIONS = NO;
				ENABLE_STRICT_OBJC_MSGSEND = YES;
				GCC_C_LANGUAGE_STANDARD = gnu11;
				GCC_NO_COMMON_BLOCKS = YES;
				GCC_WARN_64_TO_32_BIT_CONVERSION = YES;
				GCC_WARN_ABOUT_RETURN_TYPE = YES_ERROR;
				GCC_WARN_UNDECLARED_SELECTOR = YES;
				GCC_WARN_UNINITIALIZED_AUTOS = YES_AGGRESSIVE;
				GCC_WARN_UNUSED_FUNCTION = YES;
				GCC_WARN_UNUSED_VARIABLE = YES;
				IPHONEOS_DEPLOYMENT_TARGET = 11.4;
				MTL_ENABLE_DEBUG_INFO = NO;
				SDKROOT = iphoneos;
				SWIFT_COMPILATION_MODE = wholemodule;
				SWIFT_OPTIMIZATION_LEVEL = "-O";
				VALIDATE_PRODUCT = YES;
			};
			name = Release;
		};
		C853BA66212D389D00B15CEA /* Debug */ = {
			isa = XCBuildConfiguration;
			buildSettings = {
				ASSETCATALOG_COMPILER_APPICON_NAME = AppIcon;
				CODE_SIGN_STYLE = Automatic;
				DEVELOPMENT_TEAM = L4FK2NAFJB;
				INFOPLIST_FILE = ExWaterMarker/Info.plist;
				IPHONEOS_DEPLOYMENT_TARGET = 9.0;
				LD_RUNPATH_SEARCH_PATHS = (
					"$(inherited)",
					"@executable_path/Frameworks",
				);
				PRODUCT_BUNDLE_IDENTIFIER = com.muhlenxi.ExWaterMarker;
				PRODUCT_NAME = "$(TARGET_NAME)";
				SWIFT_VERSION = 4.0;
				TARGETED_DEVICE_FAMILY = "1,2";
			};
			name = Debug;
		};
		C853BA67212D389D00B15CEA /* Release */ = {
			isa = XCBuildConfiguration;
			buildSettings = {
				ASSETCATALOG_COMPILER_APPICON_NAME = AppIcon;
				CODE_SIGN_STYLE = Automatic;
				DEVELOPMENT_TEAM = L4FK2NAFJB;
				INFOPLIST_FILE = ExWaterMarker/Info.plist;
				IPHONEOS_DEPLOYMENT_TARGET = 9.0;
				LD_RUNPATH_SEARCH_PATHS = (
					"$(inherited)",
					"@executable_path/Frameworks",
				);
				PRODUCT_BUNDLE_IDENTIFIER = com.muhlenxi.ExWaterMarker;
				PRODUCT_NAME = "$(TARGET_NAME)";
				SWIFT_VERSION = 4.0;
				TARGETED_DEVICE_FAMILY = "1,2";
			};
			name = Release;
		};
/* End XCBuildConfiguration section */

/* Begin XCConfigurationList section */
		C853BA4E212D389C00B15CEA /* Build configuration list for PBXProject "ExWaterMarker" */ = {
			isa = XCConfigurationList;
			buildConfigurations = (
				C853BA63212D389D00B15CEA /* Debug */,
				C853BA64212D389D00B15CEA /* Release */,
			);
			defaultConfigurationIsVisible = 0;
			defaultConfigurationName = Release;
		};
		C853BA65212D389D00B15CEA /* Build configuration list for PBXNativeTarget "ExWaterMarker" */ = {
			isa = XCConfigurationList;
			buildConfigurations = (
				C853BA66212D389D00B15CEA /* Debug */,
				C853BA67212D389D00B15CEA /* Release */,
			);
			defaultConfigurationIsVisible = 0;
			defaultConfigurationName = Release;
		};
/* End XCConfigurationList section */
	};
	rootObject = C853BA4B212D389C00B15CEA /* Project object */;
}
